<?xml version="1.0" encoding="utf-8"?>
<Project ToolsVersion="4.0" xmlns="http://schemas.microsoft.com/developer/msbuild/2003">
  <ItemGroup>
    <ClCompile Include="src\main.cpp" />
    <ClCompile Include="src\Engine\Mappings\ConsoleMapping.cpp" />
    <ClCompile Include="src\Engine\Mappings\GscMapping.cpp" />
    <ClCompile Include="src\Engine\Mappings\PlayerMapping.cpp" />
    <ClCompile Include="src\Engine\Mappings\StringUtilsMapping.cpp" />
    <ClCompile Include="src\Engine\Mappings\UtilsMapping.cpp" />
    <ClCompile Include="src\Engine\Mappings\WeaponMapping.cpp" />
    <ClCompile Include="src\Engine\CoDUO.cpp" />
    <ClCompile Include="src\Engine\ScriptLayer\Gsc\GscFunctionExt.cpp" />
    <ClCompile Include="src\Engine\ScriptLayer\Gsc\GscMethodExt.cpp" />
    <ClCompile Include="src\Hook\Detours\Game\Loaders.cpp" />
    <ClCompile Include="src\Hook\Detours\Misc\OpenGL.cpp" />
    <ClCompile Include="src\Hook\Detours\Misc\WinAPI.cpp" />
    <ClCompile Include="src\Utils\ImGuiManager.cpp" />
    <ClCompile Include="src\Utils\OpenGLHelper.cpp" />
    <ClCompile Include="src\Utils\WinApiHelper.cpp" />
    <ClCompile Include="vendor\ImGui\imgui.cpp" />
    <ClCompile Include="vendor\ImGui\imgui_demo.cpp" />
    <ClCompile Include="vendor\ImGui\imgui_draw.cpp" />
    <ClCompile Include="vendor\ImGui\imgui_impl_opengl3.cpp" />
    <ClCompile Include="vendor\ImGui\imgui_impl_win32.cpp" />
    <ClCompile Include="vendor\ImGui\imgui_tables.cpp" />
    <ClCompile Include="vendor\ImGui\imgui_widgets.cpp" />
    <ClCompile Include="vendor\stb\stb.cpp" />
    <ClCompile Include="vendor\glad\src\glad.c" />
    <ClCompile Include="src\Utils\Filesystem\File.cpp" />
    <ClCompile Include="src\Utils\Network\HttpClient.cpp" />
    <ClCompile Include="src\Hook\Detours\Game\Fixes.cpp" />
    <ClCompile Include="src\Hook\Detours\Game\CodeCallbacks.cpp" />
    <ClCompile Include="src\Engine\Mappings\EntityMapping.cpp" />
    <ClCompile Include="src\Engine\Async\HttpResult\HttpResult.cpp" />
    <ClCompile Include="src\Engine\Async\Task\Task.cpp" />
    <ClCompile Include="src\Utils\ThreadPool\ThreadPool.cpp" />
    <ClCompile Include="src\Hook\Detours\Game\Core.cpp" />
    <ClCompile Include="src\Hook\Detours\Game\Utility.cpp" />
    <ClCompile Include="src\Engine\MapBindings\MapBindings.cpp" />
    <ClCompile Include="src\Utils\String\String.cpp" />
    <ClCompile Include="src\Render\Buffers\VAO.cpp" />
    <ClCompile Include="src\Render\Buffers\VAO_utils.cpp" />
    <ClCompile Include="src\Render\Materials\Shader.cpp" />
    <ClCompile Include="src\Render\Materials\Texture.cpp" />
  </ItemGroup>
  <ItemGroup>
    <ClInclude Include="src\Engine\CoDUO.h" />
    <ClInclude Include="src\Engine\ScriptLayer\Gsc\GscExtensions.h" />
    <ClInclude Include="src\Hook\Detours.h" />
    <ClInclude Include="src\Hook\Hook.h" />
    <ClInclude Include="src\Structs\Engine\refdef.h" />
    <ClInclude Include="src\Structs\vec3_t.h" />
    <ClInclude Include="src\Utils\ImGuiManager.h" />
    <ClInclude Include="src\Utils\OpenGLHelper.h" />
    <ClInclude Include="src\Utils\WinApiHelper.h" />
    <ClInclude Include="vendor\ImGui\imconfig.h" />
    <ClInclude Include="vendor\ImGui\imgui.h" />
    <ClInclude Include="vendor\ImGui\imgui_impl_opengl3.h" />
    <ClInclude Include="vendor\ImGui\imgui_impl_opengl3_loader.h" />
    <ClInclude Include="vendor\ImGui\imgui_impl_win32.h" />
    <ClInclude Include="vendor\ImGui\imgui_internal.h" />
    <ClInclude Include="vendor\ImGui\imstb_rectpack.h" />
    <ClInclude Include="vendor\ImGui\imstb_textedit.h" />
    <ClInclude Include="vendor\ImGui\imstb_truetype.h" />
    <ClInclude Include="src\Structs\Engine\gentity.h" />
    <ClInclude Include="src\Structs\Engine\gclient.h" />
    <ClInclude Include="src\Structs\Engine\weapondef.h" />
    <ClInclude Include="src\Structs\Engine\cvar.h" />
    <ClInclude Include="src\Structs\Engine\trace.h" />
    <ClInclude Include="src\Structs\Engine\gsc.h" />
    <ClInclude Include="vendor\stb\include\stb_image.h" />
    <ClInclude Include="vendor\glad\include\glad\glad.h" />
    <ClInclude Include="vendor\glad\include\KHR\khrplatform.h" />
    <ClInclude Include="src\Utils\Filesystem\File.h" />
    <ClInclude Include="src\Utils\Network\HttpClient.h" />
    <ClInclude Include="vendor\cpp-httplib\include\httplib.h" />
    <ClInclude Include="src\Structs\Engine\server.h" />
    <ClInclude Include="src\Utils\Classes\AtomicQueue.h" />
    <ClInclude Include="src\Structs\Engine\level_locals.h" />
    <ClInclude Include="src\Structs\Engine\input.h" />
    <ClInclude Include="src\Structs\Engine\cmd.h" />
    <ClInclude Include="src\Engine\Async\HttpResult\HttpResult.h" />
    <ClInclude Include="src\Utils\ThreadPool\ThreadPool.h" />
    <ClInclude Include="src\Engine\Async\Task\Task.h" />
    <ClInclude Include="src\Engine\MapBindings\MapBindings.h" />
    <ClInclude Include="src\Utils\String\String.h" />
    <ClInclude Include="src\Render\Buffers\VAO.h" />
    <ClInclude Include="src\Render\Buffers\VAO_utils.h" />
    <ClInclude Include="src\Render\Materials\Shader.h" />
    <ClInclude Include="src\Render\Materials\Texture.h" />
  </ItemGroup>
</Project>